
Microsoft Visual Studio Solution File, Format Version 10.00
# Visual Studio 2008
Project("{FAE04EC0-301F-11D3-BF4B-00C04F79EFBC}") = "Assembly-CSharp", "Assembly-CSharp.csproj", "{7544C944-31E4-F8F2-4B95-F024E3EFDE43}"
EndProject
Project("{b955b5aa-9c1c-4cd6-9a10-9e34431be3eb}") = "Assembly-UnityScript", "Assembly-UnityScript.unityproj", "{B05CAB7C-4389-A6C0-8D27-3679E075BA45}"
EndProject
Global
	GlobalSection(SolutionConfigurationPlatforms) = preSolution
		Debug|Any CPU = Debug|Any CPU
		Release|Any CPU = Release|Any CPU
	EndGlobalSection
	GlobalSection(ProjectConfigurationPlatforms) = postSolution
		{7544C944-31E4-F8F2-4B95-F024E3EFDE43}.Debug|Any CPU.ActiveCfg = Debug|Any CPU
		{7544C944-31E4-F8F2-4B95-F024E3EFDE43}.Debug|Any CPU.Build.0 = Debug|Any CPU
		{7544C944-31E4-F8F2-4B95-F024E3EFDE43}.Release|Any CPU.ActiveCfg = Release|Any CPU
		{7544C944-31E4-F8F2-4B95-F024E3EFDE43}.Release|Any CPU.Build.0 = Release|Any CPU
		{B05CAB7C-4389-A6C0-8D27-3679E075BA45}.Debug|Any CPU.ActiveCfg = Debug|Any CPU
		{B05CAB7C-4389-A6C0-8D27-3679E075BA45}.Debug|Any CPU.Build.0 = Debug|Any CPU
		{B05CAB7C-4389-A6C0-8D27-3679E075BA45}.Release|Any CPU.ActiveCfg = Release|Any CPU
		{B05CAB7C-4389-A6C0-8D27-3679E075BA45}.Release|Any CPU.Build.0 = Release|Any CPU
	EndGlobalSection
	GlobalSection(MonoDevelopProperties) = preSolution
		StartupItem = Assembly-CSharp.csproj
		Policies = $0
		$0.TextStylePolicy = $1
		$1.FileWidth = 120
		$1.TabWidth = 2
		$1.RemoveTrailingWhitespace = True
		$1.inheritsSet = VisualStudio
		$1.inheritsScope = text/plain
		$1.scope = text/x-csharp
		$0.CSharpFormattingPolicy = $2
		$2.BeforeMethodCallParentheses = False
		$2.BeforeMethodDeclarationParentheses = False
		$2.BeforeConstructorDeclarationParentheses = False
		$2.BeforeDelegateDeclarationParentheses = False
		$2.NewParentheses = False
		$2.IfParentheses = False
		$2.WhileParentheses = False
		$2.ForParentheses = False
		$2.ForeachParentheses = False
		$2.CatchParentheses = False
		$2.SwitchParentheses = False
		$2.LockParentheses = False
		$2.UsingParentheses = False
		$2.inheritsSet = Mono
		$2.inheritsScope = text/x-csharp
		$2.scope = text/x-csharp
		$0.TextStylePolicy = $3
		$3.FileWidth = 120
		$3.TabWidth = 2
		$3.inheritsSet = Mono
		$3.inheritsScope = text/plain
		$3.scope = text/plain
		$0.DotNetNamingPolicy = $4
		$4.DirectoryNamespaceAssociation = None
		$4.ResourceNamePolicy = FileFormatDefault
		$0.StandardHeader = $5
		$5.Text = 
		$5.inheritsSet = Apache2License
		$0.TextStylePolicy = $6
		$6.inheritsSet = null
		$6.scope = application/javascript
	EndGlobalSection
	GlobalSection(SolutionProperties) = preSolution
		HideSolutionNode = FALSE
	EndGlobalSection
EndGlobal
